// !$*UTF8*$!
{
	archiveVersion = 1;
	classes = {
	};
	objectVersion = 55;
	objects = {

/* Begin PBXBuildFile section */
		DF72D2742728E57200882E1B /* Tests_iOS.swift in Sources */ = {isa = PBXBuildFile; fileRef = DF72D2732728E57200882E1B /* Tests_iOS.swift */; };
		DF72D2762728E57200882E1B /* Tests_iOSLaunchTests.swift in Sources */ = {isa = PBXBuildFile; fileRef = DF72D2752728E57200882E1B /* Tests_iOSLaunchTests.swift */; };
		DF72D2802728E57200882E1B /* Tests_macOS.swift in Sources */ = {isa = PBXBuildFile; fileRef = DF72D27F2728E57200882E1B /* Tests_macOS.swift */; };
		DF72D2822728E57200882E1B /* Tests_macOSLaunchTests.swift in Sources */ = {isa = PBXBuildFile; fileRef = DF72D2812728E57200882E1B /* Tests_macOSLaunchTests.swift */; };
		DF72D2832728E57200882E1B /* test1App.swift in Sources */ = {isa = PBXBuildFile; fileRef = DF72D25B2728E57100882E1B /* test1App.swift */; };
		DF72D2842728E57200882E1B /* test1App.swift in Sources */ = {isa = PBXBuildFile; fileRef = DF72D25B2728E57100882E1B /* test1App.swift */; };
		DF72D2852728E57200882E1B /* ContentView.swift in Sources */ = {isa = PBXBuildFile; fileRef = DF72D25C2728E57100882E1B /* ContentView.swift */; };
		DF72D2862728E57200882E1B /* ContentView.swift in Sources */ = {isa = PBXBuildFile; fileRef = DF72D25C2728E57100882E1B /* ContentView.swift */; };
		DF72D2872728E57200882E1B /* Assets.xcassets in Resources */ = {isa = PBXBuildFile; fileRef = DF72D25D2728E57200882E1B /* Assets.xcassets */; };
		DF72D2882728E57200882E1B /* Assets.xcassets in Resources */ = {isa = PBXBuildFile; fileRef = DF72D25D2728E57200882E1B /* Assets.xcassets */; };
/* End PBXBuildFile section */

/* Begin PBXContainerItemProxy section */
		DF72D2702728E57200882E1B /* PBXContainerItemProxy */ = {
			isa = PBXContainerItemProxy;
			containerPortal = DF72D2562728E57100882E1B /* Project object */;
			proxyType = 1;
			remoteGlobalIDString = DF72D2612728E57200882E1B;
			remoteInfo = "test1 (iOS)";
		};
		DF72D27C2728E57200882E1B /* PBXContainerItemProxy */ = {
			isa = PBXContainerItemProxy;
			containerPortal = DF72D2562728E57100882E1B /* Project object */;
			proxyType = 1;
			remoteGlobalIDString = DF72D2672728E57200882E1B;
			remoteInfo = "test1 (macOS)";
		};
/* End PBXContainerItemProxy section */

/* Begin PBXFileReference section */
		DF72D25B2728E57100882E1B /* test1App.swift */ = {isa = PBXFileReference; lastKnownFileType = sourcecode.swift; path = test1App.swift; sourceTree = "<group>"; };
		DF72D25C2728E57100882E1B /* ContentView.swift */ = {isa = PBXFileReference; lastKnownFileType = sourcecode.swift; path = ContentView.swift; sourceTree = "<group>"; };
		DF72D25D2728E57200882E1B /* Assets.xcassets */ = {isa = PBXFileReference; lastKnownFileType = folder.assetcatalog; path = Assets.xcassets; sourceTree = "<group>"; };
		DF72D2622728E57200882E1B /* test1.app */ = {isa = PBXFileReference; explicitFileType = wrapper.application; includeInIndex = 0; path = test1.app; sourceTree = BUILT_PRODUCTS_DIR; };
		DF72D2682728E57200882E1B /* test1.app */ = {isa = PBXFileReference; explicitFileType = wrapper.application; includeInIndex = 0; path = test1.app; sourceTree = BUILT_PRODUCTS_DIR; };
		DF72D26A2728E57200882E1B /* macOS.entitlements */ = {isa = PBXFileReference; lastKnownFileType = text.plist.entitlements; path = macOS.entitlements; sourceTree = "<group>"; };
		DF72D26F2728E57200882E1B /* Tests iOS.xctest */ = {isa = PBXFileReference; explicitFileType = wrapper.cfbundle; includeInIndex = 0; path = "Tests iOS.xctest"; sourceTree = BUILT_PRODUCTS_DIR; };
		DF72D2732728E57200882E1B /* Tests_iOS.swift */ = {isa = PBXFileReference; lastKnownFileType = sourcecode.swift; path = Tests_iOS.swift; sourceTree = "<group>"; };
		DF72D2752728E57200882E1B /* Tests_iOSLaunchTests.swift */ = {isa = PBXFileReference; lastKnownFileType = sourcecode.swift; path = Tests_iOSLaunchTests.swift; sourceTree = "<group>"; };
		DF72D27B2728E57200882E1B /* Tests macOS.xctest */ = {isa = PBXFileReference; explicitFileType = wrapper.cfbundle; includeInIndex = 0; path = "Tests macOS.xctest"; sourceTree = BUILT_PRODUCTS_DIR; };
		DF72D27F2728E57200882E1B /* Tests_macOS.swift */ = {isa = PBXFileReference; lastKnownFileType = sourcecode.swift; path = Tests_macOS.swift; sourceTree = "<group>"; };
		DF72D2812728E57200882E1B /* Tests_macOSLaunchTests.swift */ = {isa = PBXFileReference; lastKnownFileType = sourcecode.swift; path = Tests_macOSLaunchTests.swift; sourceTree = "<group>"; };
/* End PBXFileReference section */

/* Begin PBXFrameworksBuildPhase section */
		DF72D25F2728E57200882E1B /* Frameworks */ = {
			isa = PBXFrameworksBuildPhase;
			buildActionMask = 2147483647;
			files = (
			);
			runOnlyForDeploymentPostprocessing = 0;
		};
		DF72D2652728E57200882E1B /* Frameworks */ = {
			isa = PBXFrameworksBuildPhase;
			buildActionMask = 2147483647;
			files = (
			);
			runOnlyForDeploymentPostprocessing = 0;
		};
		DF72D26C2728E57200882E1B /* Frameworks */ = {
			isa = PBXFrameworksBuildPhase;
			buildActionMask = 2147483647;
			files = (
			);
			runOnlyForDeploymentPostprocessing = 0;
		};
		DF72D2782728E57200882E1B /* Frameworks */ = {
			isa = PBXFrameworksBuildPhase;
			buildActionMask = 2147483647;
			files = (
			);
			runOnlyForDeploymentPostprocessing = 0;
		};
/* End PBXFrameworksBuildPhase section */

/* Begin PBXGroup section */
		DF72D2552728E57100882E1B = {
			isa = PBXGroup;
			children = (
				DF72D25A2728E57100882E1B /* Shared */,
				DF72D2692728E57200882E1B /* macOS */,
				DF72D2722728E57200882E1B /* Tests iOS */,
				DF72D27E2728E57200882E1B /* Tests macOS */,
				DF72D2632728E57200882E1B /* Products */,
			);
			sourceTree = "<group>";
		};
		DF72D25A2728E57100882E1B /* Shared */ = {
			isa = PBXGroup;
			children = (
				DF72D25B2728E57100882E1B /* test1App.swift */,
				DF72D25C2728E57100882E1B /* ContentView.swift */,
				DF72D25D2728E57200882E1B /* Assets.xcassets */,
			);
			path = Shared;
			sourceTree = "<group>";
		};
		DF72D2632728E57200882E1B /* Products */ = {
			isa = PBXGroup;
			children = (
				DF72D2622728E57200882E1B /* test1.app */,
				DF72D2682728E57200882E1B /* test1.app */,
				DF72D26F2728E57200882E1B /* Tests iOS.xctest */,
				DF72D27B2728E57200882E1B /* Tests macOS.xctest */,
			);
			name = Products;
			sourceTree = "<group>";
		};
		DF72D2692728E57200882E1B /* macOS */ = {
			isa = PBXGroup;
			children = (
				DF72D26A2728E57200882E1B /* macOS.entitlements */,
			);
			path = macOS;
			sourceTree = "<group>";
		};
		DF72D2722728E57200882E1B /* Tests iOS */ = {
			isa = PBXGroup;
			children = (
				DF72D2732728E57200882E1B /* Tests_iOS.swift */,
				DF72D2752728E57200882E1B /* Tests_iOSLaunchTests.swift */,
			);
			path = "Tests iOS";
			sourceTree = "<group>";
		};
		DF72D27E2728E57200882E1B /* Tests macOS */ = {
			isa = PBXGroup;
			children = (
				DF72D27F2728E57200882E1B /* Tests_macOS.swift */,
				DF72D2812728E57200882E1B /* Tests_macOSLaunchTests.swift */,
			);
			path = "Tests macOS";
			sourceTree = "<group>";
		};
/* End PBXGroup section */

/* Begin PBXNativeTarget section */
		DF72D2612728E57200882E1B /* test1 (iOS) */ = {
			isa = PBXNativeTarget;
			buildConfigurationList = DF72D28B2728E57200882E1B /* Build configuration list for PBXNativeTarget "test1 (iOS)" */;
			buildPhases = (
				DF72D25E2728E57200882E1B /* Sources */,
				DF72D25F2728E57200882E1B /* Frameworks */,
				DF72D2602728E57200882E1B /* Resources */,
			);
			buildRules = (
			);
			dependencies = (
			);
			name = "test1 (iOS)";
			productName = "test1 (iOS)";
			productReference = DF72D2622728E57200882E1B /* test1.app */;
			productType = "com.apple.product-type.application";
		};
		DF72D2672728E57200882E1B /* test1 (macOS) */ = {
			isa = PBXNativeTarget;
			buildConfigurationList = DF72D28E2728E57200882E1B /* Build configuration list for PBXNativeTarget "test1 (macOS)" */;
			buildPhases = (
				DF72D2642728E57200882E1B /* Sources */,
				DF72D2652728E57200882E1B /* Frameworks */,
				DF72D2662728E57200882E1B /* Resources */,
			);
			buildRules = (
			);
			dependencies = (
			);
			name = "test1 (macOS)";
			productName = "test1 (macOS)";
			productReference = DF72D2682728E57200882E1B /* test1.app */;
			productType = "com.apple.product-type.application";
		};
		DF72D26E2728E57200882E1B /* Tests iOS */ = {
			isa = PBXNativeTarget;
			buildConfigurationList = DF72D2912728E57200882E1B /* Build configuration list for PBXNativeTarget "Tests iOS" */;
			buildPhases = (
				DF72D26B2728E57200882E1B /* Sources */,
				DF72D26C2728E57200882E1B /* Frameworks */,
				DF72D26D2728E57200882E1B /* Resources */,
			);
			buildRules = (
			);
			dependencies = (
				DF72D2712728E57200882E1B /* PBXTargetDependency */,
			);
			name = "Tests iOS";
			productName = "Tests iOS";
			productReference = DF72D26F2728E57200882E1B /* Tests iOS.xctest */;
			productType = "com.apple.product-type.bundle.ui-testing";
		};
		DF72D27A2728E57200882E1B /* Tests macOS */ = {
			isa = PBXNativeTarget;
			buildConfigurationList = DF72D2942728E57200882E1B /* Build configuration list for PBXNativeTarget "Tests macOS" */;
			buildPhases = (
				DF72D2772728E57200882E1B /* Sources */,
				DF72D2782728E57200882E1B /* Frameworks */,
				DF72D2792728E57200882E1B /* Resources */,
			);
			buildRules = (
			);
			dependencies = (
				DF72D27D2728E57200882E1B /* PBXTargetDependency */,
			);
			name = "Tests macOS";
			productName = "Tests macOS";
			productReference = DF72D27B2728E57200882E1B /* Tests macOS.xctest */;
			productType = "com.apple.product-type.bundle.ui-testing";
		};
/* End PBXNativeTarget section */

/* Begin PBXProject section */
		DF72D2562728E57100882E1B /* Project object */ = {
			isa = PBXProject;
			attributes = {
				BuildIndependentTargetsInParallel = 1;
				LastSwiftUpdateCheck = 1310;
				LastUpgradeCheck = 1310;
				TargetAttributes = {
					DF72D2612728E57200882E1B = {
						CreatedOnToolsVersion = 13.1;
					};
					DF72D2672728E57200882E1B = {
						CreatedOnToolsVersion = 13.1;
					};
					DF72D26E2728E57200882E1B = {
						CreatedOnToolsVersion = 13.1;
						TestTargetID = DF72D2612728E57200882E1B;
					};
					DF72D27A2728E57200882E1B = {
						CreatedOnToolsVersion = 13.1;
						TestTargetID = DF72D2672728E57200882E1B;
					};
				};
			};
			buildConfigurationList = DF72D2592728E57100882E1B /* Build configuration list for PBXProject "test1" */;
			compatibilityVersion = "Xcode 13.0";
			developmentRegion = en;
			hasScannedForEncodings = 0;
			knownRegions = (
				en,
				Base,
			);
			mainGroup = DF72D2552728E57100882E1B;
			productRefGroup = DF72D2632728E57200882E1B /* Products */;
			projectDirPath = "";
			projectRoot = "";
			targets = (
				DF72D2612728E57200882E1B /* test1 (iOS) */,
				DF72D2672728E57200882E1B /* test1 (macOS) */,
				DF72D26E2728E57200882E1B /* Tests iOS */,
				DF72D27A2728E57200882E1B /* Tests macOS */,
			);
		};
/* End PBXProject section */

/* Begin PBXResourcesBuildPhase section */
		DF72D2602728E57200882E1B /* Resources */ = {
			isa = PBXResourcesBuildPhase;
			buildActionMask = 2147483647;
			files = (
				DF72D2872728E57200882E1B /* Assets.xcassets in Resources */,
			);
			runOnlyForDeploymentPostprocessing = 0;
		};
		DF72D2662728E57200882E1B /* Resources */ = {
			isa = PBXResourcesBuildPhase;
			buildActionMask = 2147483647;
			files = (
				DF72D2882728E57200882E1B /* Assets.xcassets in Resources */,
			);
			runOnlyForDeploymentPostprocessing = 0;
		};
		DF72D26D2728E57200882E1B /* Resources */ = {
			isa = PBXResourcesBuildPhase;
			buildActionMask = 2147483647;
			files = (
			);
			runOnlyForDeploymentPostprocessing = 0;
		};
		DF72D2792728E57200882E1B /* Resources */ = {
			isa = PBXResourcesBuildPhase;
			buildActionMask = 2147483647;
			files = (
			);
			runOnlyForDeploymentPostprocessing = 0;
		};
/* End PBXResourcesBuildPhase section */

/* Begin PBXSourcesBuildPhase section */
		DF72D25E2728E57200882E1B /* Sources */ = {
			isa = PBXSourcesBuildPhase;
			buildActionMask = 2147483647;
			files = (
				DF72D2852728E57200882E1B /* ContentView.swift in Sources */,
				DF72D2832728E57200882E1B /* test1App.swift in Sources */,
			);
			runOnlyForDeploymentPostprocessing = 0;
		};
		DF72D2642728E57200882E1B /* Sources */ = {
			isa = PBXSourcesBuildPhase;
			buildActionMask = 2147483647;
			files = (
				DF72D2862728E57200882E1B /* ContentView.swift in Sources */,
				DF72D2842728E57200882E1B /* test1App.swift in Sources */,
			);
			runOnlyForDeploymentPostprocessing = 0;
		};
		DF72D26B2728E57200882E1B /* Sources */ = {
			isa = PBXSourcesBuildPhase;
			buildActionMask = 2147483647;
			files = (
				DF72D2762728E57200882E1B /* Tests_iOSLaunchTests.swift in Sources */,
				DF72D2742728E57200882E1B /* Tests_iOS.swift in Sources */,
			);
			runOnlyForDeploymentPostprocessing = 0;
		};
		DF72D2772728E57200882E1B /* Sources */ = {
			isa = PBXSourcesBuildPhase;
			buildActionMask = 2147483647;
			files = (
				DF72D2822728E57200882E1B /* Tests_macOSLaunchTests.swift in Sources */,
				DF72D2802728E57200882E1B /* Tests_macOS.swift in Sources */,
			);
			runOnlyForDeploymentPostprocessing = 0;
		};
/* End PBXSourcesBuildPhase section */

/* Begin PBXTargetDependency section */
		DF72D2712728E57200882E1B /* PBXTargetDependency */ = {
			isa = PBXTargetDependency;
			target = DF72D2612728E57200882E1B /* test1 (iOS) */;
			targetProxy = DF72D2702728E57200882E1B /* PBXContainerItemProxy */;
		};
		DF72D27D2728E57200882E1B /* PBXTargetDependency */ = {
			isa = PBXTargetDependency;
			target = DF72D2672728E57200882E1B /* test1 (macOS) */;
			targetProxy = DF72D27C2728E57200882E1B /* PBXContainerItemProxy */;
		};
/* End PBXTargetDependency section */

/* Begin XCBuildConfiguration section */
		DF72D2892728E57200882E1B /* Debug */ = {
			isa = XCBuildConfiguration;
			buildSettings = {
				ALWAYS_SEARCH_USER_PATHS = NO;
				CLANG_ANALYZER_NONNULL = YES;
				CLANG_ANALYZER_NUMBER_OBJECT_CONVERSION = YES_AGGRESSIVE;
				CLANG_CXX_LANGUAGE_STANDARD = "gnu++17";
				CLANG_CXX_LIBRARY = "libc++";
				CLANG_ENABLE_MODULES = YES;
				CLANG_ENABLE_OBJC_ARC = YES;
				CLANG_ENABLE_OBJC_WEAK = YES;
				CLANG_WARN_BLOCK_CAPTURE_AUTORELEASING = YES;
				CLANG_WARN_BOOL_CONVERSION = YES;
				CLANG_WARN_COMMA = YES;
				CLANG_WARN_CONSTANT_CONVERSION = YES;
				CLANG_WARN_DEPRECATED_OBJC_IMPLEMENTATIONS = YES;
				CLANG_WARN_DIRECT_OBJC_ISA_USAGE = YES_ERROR;
				CLANG_WARN_DOCUMENTATION_COMMENTS = YES;
				CLANG_WARN_EMPTY_BODY = YES;
				CLANG_WARN_ENUM_CONVERSION = YES;
				CLANG_WARN_INFINITE_RECURSION = YES;
				CLANG_WARN_INT_CONVERSION = YES;
				CLANG_WARN_NON_LITERAL_NULL_CONVERSION = YES;
				CLANG_WARN_OBJC_IMPLICIT_RETAIN_SELF = YES;
				CLANG_WARN_OBJC_LITERAL_CONVERSION = YES;
				CLANG_WARN_OBJC_ROOT_CLASS = YES_ERROR;
				CLANG_WARN_QUOTED_INCLUDE_IN_FRAMEWORK_HEADER = YES;
				CLANG_WARN_RANGE_LOOP_ANALYSIS = YES;
				CLANG_WARN_STRICT_PROTOTYPES = YES;
				CLANG_WARN_SUSPICIOUS_MOVE = YES;
				CLANG_WARN_UNGUARDED_AVAILABILITY = YES_AGGRESSIVE;
				CLANG_WARN_UNREACHABLE_CODE = YES;
				CLANG_WARN__DUPLICATE_METHOD_MATCH = YES;
				COPY_PHASE_STRIP = NO;
				DEBUG_INFORMATION_FORMAT = dwarf;
				ENABLE_STRICT_OBJC_MSGSEND = YES;
				ENABLE_TESTABILITY = YES;
				GCC_C_LANGUAGE_STANDARD = gnu11;
				GCC_DYNAMIC_NO_PIC = NO;
				GCC_NO_COMMON_BLOCKS = YES;
				GCC_OPTIMIZATION_LEVEL = 0;
				GCC_PREPROCESSOR_DEFINITIONS = (
					"DEBUG=1",
					"$(inherited)",
				);
				GCC_WARN_64_TO_32_BIT_CONVERSION = YES;
				GCC_WARN_ABOUT_RETURN_TYPE = YES_ERROR;
				GCC_WARN_UNDECLARED_SELECTOR = YES;
				GCC_WARN_UNINITIALIZED_AUTOS = YES_AGGRESSIVE;
				GCC_WARN_UNUSED_FUNCTION = YES;
				GCC_WARN_UNUSED_VARIABLE = YES;
				MTL_ENABLE_DEBUG_INFO = INCLUDE_SOURCE;
				MTL_FAST_MATH = YES;
				ONLY_ACTIVE_ARCH = YES;
				SWIFT_ACTIVE_COMPILATION_CONDITIONS = DEBUG;
				SWIFT_OPTIMIZATION_LEVEL = "-Onone";
			};
			name = Debug;
		};
		DF72D28A2728E57200882E1B /* Release */ = {
			isa = XCBuildConfiguration;
			buildSettings = {
				ALWAYS_SEARCH_USER_PATHS = NO;
				CLANG_ANALYZER_NONNULL = YES;
				CLANG_ANALYZER_NUMBER_OBJECT_CONVERSION = YES_AGGRESSIVE;
				CLANG_CXX_LANGUAGE_STANDARD = "gnu++17";
				CLANG_CXX_LIBRARY = "libc++";
				CLANG_ENABLE_MODULES = YES;
				CLANG_ENABLE_OBJC_ARC = YES;
				CLANG_ENABLE_OBJC_WEAK = YES;
				CLANG_WARN_BLOCK_CAPTURE_AUTORELEASING = YES;
				CLANG_WARN_BOOL_CONVERSION = YES;
				CLANG_WARN_COMMA = YES;
				CLANG_WARN_CONSTANT_CONVERSION = YES;
				CLANG_WARN_DEPRECATED_OBJC_IMPLEMENTATIONS = YES;
				CLANG_WARN_DIRECT_OBJC_ISA_USAGE = YES_ERROR;
				CLANG_WARN_DOCUMENTATION_COMMENTS = YES;
				CLANG_WARN_EMPTY_BODY = YES;
				CLANG_WARN_ENUM_CONVERSION = YES;
				CLANG_WARN_INFINITE_RECURSION = YES;
				CLANG_WARN_INT_CONVERSION = YES;
				CLANG_WARN_NON_LITERAL_NULL_CONVERSION = YES;
				CLANG_WARN_OBJC_IMPLICIT_RETAIN_SELF = YES;
				CLANG_WARN_OBJC_LITERAL_CONVERSION = YES;
				CLANG_WARN_OBJC_ROOT_CLASS = YES_ERROR;
				CLANG_WARN_QUOTED_INCLUDE_IN_FRAMEWORK_HEADER = YES;
				CLANG_WARN_RANGE_LOOP_ANALYSIS = YES;
				CLANG_WARN_STRICT_PROTOTYPES = YES;
				CLANG_WARN_SUSPICIOUS_MOVE = YES;
				CLANG_WARN_UNGUARDED_AVAILABILITY = YES_AGGRESSIVE;
				CLANG_WARN_UNREACHABLE_CODE = YES;
				CLANG_WARN__DUPLICATE_METHOD_MATCH = YES;
				COPY_PHASE_STRIP = NO;
				DEBUG_INFORMATION_FORMAT = "dwarf-with-dsym";
				ENABLE_NS_ASSERTIONS = NO;
				ENABLE_STRICT_OBJC_MSGSEND = YES;
				GCC_C_LANGUAGE_STANDARD = gnu11;
				GCC_NO_COMMON_BLOCKS = YES;
				GCC_WARN_64_TO_32_BIT_CONVERSION = YES;
				GCC_WARN_ABOUT_RETURN_TYPE = YES_ERROR;
				GCC_WARN_UNDECLARED_SELECTOR = YES;
				GCC_WARN_UNINITIALIZED_AUTOS = YES_AGGRESSIVE;
				GCC_WARN_UNUSED_FUNCTION = YES;
				GCC_WARN_UNUSED_VARIABLE = YES;
				MTL_ENABLE_DEBUG_INFO = NO;
				MTL_FAST_MATH = YES;
				SWIFT_COMPILATION_MODE = wholemodule;
				SWIFT_OPTIMIZATION_LEVEL = "-O";
			};
			name = Release;
		};
		DF72D28C2728E57200882E1B /* Debug */ = {
			isa = XCBuildConfiguration;
			buildSettings = {
				ASSETCATALOG_COMPILER_APPICON_NAME = AppIcon;
				ASSETCATALOG_COMPILER_GLOBAL_ACCENT_COLOR_NAME = AccentColor;
				CODE_SIGN_STYLE = Automatic;
				CURRENT_PROJECT_VERSION = 1;
				DEVELOPMENT_TEAM = RKF5B8L72N;
				ENABLE_PREVIEWS = YES;
				GENERATE_INFOPLIST_FILE = YES;
				INFOPLIST_KEY_UIApplicationSceneManifest_Generation = YES;
				INFOPLIST_KEY_UIApplicationSupportsIndirectInputEvents = YES;
				INFOPLIST_KEY_UILaunchScreen_Generation = YES;
				INFOPLIST_KEY_UISupportedInterfaceOrientations = UIInterfaceOrientationPortrait;
				INFOPLIST_KEY_UISupportedInterfaceOrientations_iPad = "UIInterfaceOrientationPortrait UIInterfaceOrientationPortraitUpsideDown UIInterfaceOrientationLandscapeLeft UIInterfaceOrientationLandscapeRight";
				INFOPLIST_KEY_UISupportedInterfaceOrientations_iPhone = "UIInterfaceOrientationPortrait UIInterfaceOrientationLandscapeLeft UIInterfaceOrientationLandscapeRight";
				IPHONEOS_DEPLOYMENT_TARGET = 15.0;
				LD_RUNPATH_SEARCH_PATHS = (
					"$(inherited)",
					"@executable_path/Frameworks",
				);
				MARKETING_VERSION = 1.0;
				PRODUCT_BUNDLE_IDENTIFIER = bob.test1;
				PRODUCT_NAME = test1;
				SDKROOT = iphoneos;
				SWIFT_EMIT_LOC_STRINGS = YES;
				SWIFT_VERSION = 5.0;
				TARGETED_DEVICE_FAMILY = "1,2";
			};
			name = Debug;
		};
		DF72D28D2728E57200882E1B /* Release */ = {
			isa = XCBuildConfiguration;
			buildSettings = {
				ASSETCATALOG_COMPILER_APPICON_NAME = AppIcon;
				ASSETCATALOG_COMPILER_GLOBAL_ACCENT_COLOR_NAME = AccentColor;
				CODE_SIGN_STYLE = Automatic;
				CURRENT_PROJECT_VERSION = 1;
				DEVELOPMENT_TEAM = RKF5B8L72N;
				ENABLE_PREVIEWS = YES;
				GENERATE_INFOPLIST_FILE = YES;
				INFOPLIST_KEY_UIApplicationSceneManifest_Generation = YES;
				INFOPLIST_KEY_UIApplicationSupportsIndirectInputEvents = YES;
				INFOPLIST_KEY_UILaunchScreen_Generation = YES;
				INFOPLIST_KEY_UISupportedInterfaceOrientations = UIInterfaceOrientationPortrait;
				INFOPLIST_KEY_UISupportedInterfaceOrientations_iPad = "UIInterfaceOrientationPortrait UIInterfaceOrientationPortraitUpsideDown UIInterfaceOrientationLandscapeLeft UIInterfaceOrientationLandscapeRight";
				INFOPLIST_KEY_UISupportedInterfaceOrientations_iPhone = "UIInterfaceOrientationPortrait UIInterfaceOrientationLandscapeLeft UIInterfaceOrientationLandscapeRight";
				IPHONEOS_DEPLOYMENT_TARGET = 15.0;
				LD_RUNPATH_SEARCH_PATHS = (
					"$(inherited)",
					"@executable_path/Frameworks",
				);
				MARKETING_VERSION = 1.0;
				PRODUCT_BUNDLE_IDENTIFIER = bob.test1;
				PRODUCT_NAME = test1;
				SDKROOT = iphoneos;
				SWIFT_EMIT_LOC_STRINGS = YES;
				SWIFT_VERSION = 5.0;
				TARGETED_DEVICE_FAMILY = "1,2";
				VALIDATE_PRODUCT = YES;
			};
			name = Release;
		};
		DF72D28F2728E57200882E1B /* Debug */ = {
			isa = XCBuildConfiguration;
			buildSettings = {
				ASSETCATALOG_COMPILER_APPICON_NAME = AppIcon;
				ASSETCATALOG_COMPILER_GLOBAL_ACCENT_COLOR_NAME = AccentColor;
				CODE_SIGN_ENTITLEMENTS = macOS/macOS.entitlements;
				CODE_SIGN_STYLE = Automatic;
				COMBINE_HIDPI_IMAGES = YES;
				CURRENT_PROJECT_VERSION = 1;
				ENABLE_PREVIEWS = YES;
				GENERATE_INFOPLIST_FILE = YES;
				INFOPLIST_KEY_NSHumanReadableCopyright = "";
				LD_RUNPATH_SEARCH_PATHS = (
					"$(inherited)",
					"@executable_path/../Frameworks",
				);
				MACOSX_DEPLOYMENT_TARGET = 11.4;
				MARKETING_VERSION = 1.0;
				PRODUCT_BUNDLE_IDENTIFIER = bob.test1;
				PRODUCT_NAME = test1;
				SDKROOT = macosx;
				SWIFT_EMIT_LOC_STRINGS = YES;
				SWIFT_VERSION = 5.0;
			};
			name = Debug;
		};
		DF72D2902728E57200882E1B /* Release */ = {
			isa = XCBuildConfiguration;
			buildSettings = {
				ASSETCATALOG_COMPILER_APPICON_NAME = AppIcon;
				ASSETCATALOG_COMPILER_GLOBAL_ACCENT_COLOR_NAME = AccentColor;
				CODE_SIGN_ENTITLEMENTS = macOS/macOS.entitlements;
				CODE_SIGN_STYLE = Automatic;
				COMBINE_HIDPI_IMAGES = YES;
				CURRENT_PROJECT_VERSION = 1;
				ENABLE_PREVIEWS = YES;
				GENERATE_INFOPLIST_FILE = YES;
				INFOPLIST_KEY_NSHumanReadableCopyright = "";
				LD_RUNPATH_SEARCH_PATHS = (
					"$(inherited)",
					"@executable_path/../Frameworks",
				);
				MACOSX_DEPLOYMENT_TARGET = 11.4;
				MARKETING_VERSION = 1.0;
				PRODUCT_BUNDLE_IDENTIFIER = bob.test1;
				PRODUCT_NAME = test1;
				SDKROOT = macosx;
				SWIFT_EMIT_LOC_STRINGS = YES;
				SWIFT_VERSION = 5.0;
			};
			name = Release;
		};
		DF72D2922728E57200882E1B /* Debug */ = {
			isa = XCBuildConfiguration;
			buildSettings = {
				ALWAYS_EMBED_SWIFT_STANDARD_LIBRARIES = YES;
				CODE_SIGN_STYLE = Automatic;
				CURRENT_PROJECT_VERSION = 1;
				GENERATE_INFOPLIST_FILE = YES;
				IPHONEOS_DEPLOYMENT_TARGET = 15.0;
				LD_RUNPATH_SEARCH_PATHS = (
					"$(inherited)",
					"@executable_path/Frameworks",
					"@loader_path/Frameworks",
				);
				MARKETING_VERSION = 1.0;
				PRODUCT_BUNDLE_IDENTIFIER = "bob.Tests-iOS";
				PRODUCT_NAME = "$(TARGET_NAME)";
				SDKROOT = iphoneos;
				SWIFT_EMIT_LOC_STRINGS = NO;
				SWIFT_VERSION = 5.0;
				TARGETED_DEVICE_FAMILY = "1,2";
				TEST_TARGET_NAME = "test1 (iOS)";
			};
			name = Debug;
		};
		DF72D2932728E57200882E1B /* Release */ = {
			isa = XCBuildConfiguration;
			buildSettings = {
				ALWAYS_EMBED_SWIFT_STANDARD_LIBRARIES = YES;
				CODE_SIGN_STYLE = Automatic;
				CURRENT_PROJECT_VERSION = 1;
				GENERATE_INFOPLIST_FILE = YES;
				IPHONEOS_DEPLOYMENT_TARGET = 15.0;
				LD_RUNPATH_SEARCH_PATHS = (
					"$(inherited)",
					"@executable_path/Frameworks",
					"@loader_path/Frameworks",
				);
				MARKETING_VERSION = 1.0;
				PRODUCT_BUNDLE_IDENTIFIER = "bob.Tests-iOS";
				PRODUCT_NAME = "$(TARGET_NAME)";
				SDKROOT = iphoneos;
				SWIFT_EMIT_LOC_STRINGS = NO;
				SWIFT_VERSION = 5.0;
				TARGETED_DEVICE_FAMILY = "1,2";
				TEST_TARGET_NAME = "test1 (iOS)";
				VALIDATE_PRODUCT = YES;
			};
			name = Release;
		};
		DF72D2952728E57200882E1B /* Debug */ = {
			isa = XCBuildConfiguration;
			buildSettings = {
				ALWAYS_EMBED_SWIFT_STANDARD_LIBRARIES = YES;
				CODE_SIGN_STYLE = Automatic;
				COMBINE_HIDPI_IMAGES = YES;
				CURRENT_PROJECT_VERSION = 1;
				GENERATE_INFOPLIST_FILE = YES;
				LD_RUNPATH_SEARCH_PATHS = (
					"$(inherited)",
					"@executable_path/../Frameworks",
					"@loader_path/../Frameworks",
				);
				MACOSX_DEPLOYMENT_TARGET = 11.4;
				MARKETING_VERSION = 1.0;
				PRODUCT_BUNDLE_IDENTIFIER = "bob.Tests-macOS";
				PRODUCT_NAME = "$(TARGET_NAME)";
				SDKROOT = macosx;
				SWIFT_EMIT_LOC_STRINGS = NO;
				SWIFT_VERSION = 5.0;
				TEST_TARGET_NAME = "test1 (macOS)";
			};
			name = Debug;
		};
		DF72D2962728E57200882E1B /* Release */ = {
			isa = XCBuildConfiguration;
			buildSettings = {
				ALWAYS_EMBED_SWIFT_STANDARD_LIBRARIES = YES;
				CODE_SIGN_STYLE = Automatic;
				COMBINE_HIDPI_IMAGES = YES;
				CURRENT_PROJECT_VERSION = 1;
				GENERATE_INFOPLIST_FILE = YES;
				LD_RUNPATH_SEARCH_PATHS = (
					"$(inherited)",
					"@executable_path/../Frameworks",
					"@loader_path/../Frameworks",
				);
				MACOSX_DEPLOYMENT_TARGET = 11.4;
				MARKETING_VERSION = 1.0;
				PRODUCT_BUNDLE_IDENTIFIER = "bob.Tests-macOS";
				PRODUCT_NAME = "$(TARGET_NAME)";
				SDKROOT = macosx;
				SWIFT_EMIT_LOC_STRINGS = NO;
				SWIFT_VERSION = 5.0;
				TEST_TARGET_NAME = "test1 (macOS)";
			};
			name = Release;
		};
/* End XCBuildConfiguration section */

/* Begin XCConfigurationList section */
		DF72D2592728E57100882E1B /* Build configuration list for PBXProject "test1" */ = {
			isa = XCConfigurationList;
			buildConfigurations = (
				DF72D2892728E57200882E1B /* Debug */,
				DF72D28A2728E57200882E1B /* Release */,
			);
			defaultConfigurationIsVisible = 0;
			defaultConfigurationName = Release;
		};
		DF72D28B2728E57200882E1B /* Build configuration list for PBXNativeTarget "test1 (iOS)" */ = {
			isa = XCConfigurationList;
			buildConfigurations = (
				DF72D28C2728E57200882E1B /* Debug */,
				DF72D28D2728E57200882E1B /* Release */,
			);
			defaultConfigurationIsVisible = 0;
			defaultConfigurationName = Release;
		};
		DF72D28E2728E57200882E1B /* Build configuration list for PBXNativeTarget "test1 (macOS)" */ = {
			isa = XCConfigurationList;
			buildConfigurations = (
				DF72D28F2728E57200882E1B /* Debug */,
				DF72D2902728E57200882E1B /* Release */,
			);
			defaultConfigurationIsVisible = 0;
			defaultConfigurationName = Release;
		};
		DF72D2912728E57200882E1B /* Build configuration list for PBXNativeTarget "Tests iOS" */ = {
			isa = XCConfigurationList;
			buildConfigurations = (
				DF72D2922728E57200882E1B /* Debug */,
				DF72D2932728E57200882E1B /* Release */,
			);
			defaultConfigurationIsVisible = 0;
			defaultConfigurationName = Release;
		};
		DF72D2942728E57200882E1B /* Build configuration list for PBXNativeTarget "Tests macOS" */ = {
			isa = XCConfigurationList;
			buildConfigurations = (
				DF72D2952728E57200882E1B /* Debug */,
				DF72D2962728E57200882E1B /* Release */,
			);
			defaultConfigurationIsVisible = 0;
			defaultConfigurationName = Release;
		};
/* End XCConfigurationList section */
	};
	rootObject = DF72D2562728E57100882E1B /* Project object */;
}
